
Microsoft Visual Studio Solution File, Format Version 12.00
# Visual Studio 2012
Project("{FAE04EC0-301F-11D3-BF4B-00C04F79EFBC}") = "APADO.NET", "..\..\..\Nuno Datia\Aula Pratica 03\code\APADO.NET\APADO.NET\APADO.NET.csproj", "{D2429057-3EC7-4122-99F8-1EC4EC6FF8BE}"
EndProject
Project("{FAE04EC0-301F-11D3-BF4B-00C04F79EFBC}") = "BIT_ADO", "BIT_ADO\BIT_ADO.csproj", "{E053AF16-3E22-4EE7-B94F-A8426763F0D0}"
EndProject
Global
	GlobalSection(SolutionConfigurationPlatforms) = preSolution
		Debug|Any CPU = Debug|Any CPU
		Debug|Mixed Platforms = Debug|Mixed Platforms
		Debug|x86 = Debug|x86
		Release|Any CPU = Release|Any CPU
		Release|Mixed Platforms = Release|Mixed Platforms
		Release|x86 = Release|x86
	EndGlobalSection
	GlobalSection(ProjectConfigurationPlatforms) = postSolution
		{D2429057-3EC7-4122-99F8-1EC4EC6FF8BE}.Debug|Any CPU.ActiveCfg = Debug|x86
		{D2429057-3EC7-4122-99F8-1EC4EC6FF8BE}.Debug|Mixed Platforms.ActiveCfg = Debug|x86
		{D2429057-3EC7-4122-99F8-1EC4EC6FF8BE}.Debug|Mixed Platforms.Build.0 = Debug|x86
		{D2429057-3EC7-4122-99F8-1EC4EC6FF8BE}.Debug|x86.ActiveCfg = Debug|x86
		{D2429057-3EC7-4122-99F8-1EC4EC6FF8BE}.Debug|x86.Build.0 = Debug|x86
		{D2429057-3EC7-4122-99F8-1EC4EC6FF8BE}.Release|Any CPU.ActiveCfg = Release|x86
		{D2429057-3EC7-4122-99F8-1EC4EC6FF8BE}.Release|Mixed Platforms.ActiveCfg = Release|x86
		{D2429057-3EC7-4122-99F8-1EC4EC6FF8BE}.Release|Mixed Platforms.Build.0 = Release|x86
		{D2429057-3EC7-4122-99F8-1EC4EC6FF8BE}.Release|x86.ActiveCfg = Release|x86
		{D2429057-3EC7-4122-99F8-1EC4EC6FF8BE}.Release|x86.Build.0 = Release|x86
		{E053AF16-3E22-4EE7-B94F-A8426763F0D0}.Debug|Any CPU.ActiveCfg = Debug|Any CPU
		{E053AF16-3E22-4EE7-B94F-A8426763F0D0}.Debug|Any CPU.Build.0 = Debug|Any CPU
		{E053AF16-3E22-4EE7-B94F-A8426763F0D0}.Debug|Mixed Platforms.ActiveCfg = Debug|Any CPU
		{E053AF16-3E22-4EE7-B94F-A8426763F0D0}.Debug|Mixed Platforms.Build.0 = Debug|Any CPU
		{E053AF16-3E22-4EE7-B94F-A8426763F0D0}.Debug|x86.ActiveCfg = Debug|Any CPU
		{E053AF16-3E22-4EE7-B94F-A8426763F0D0}.Release|Any CPU.ActiveCfg = Release|Any CPU
		{E053AF16-3E22-4EE7-B94F-A8426763F0D0}.Release|Any CPU.Build.0 = Release|Any CPU
		{E053AF16-3E22-4EE7-B94F-A8426763F0D0}.Release|Mixed Platforms.ActiveCfg = Release|Any CPU
		{E053AF16-3E22-4EE7-B94F-A8426763F0D0}.Release|Mixed Platforms.Build.0 = Release|Any CPU
		{E053AF16-3E22-4EE7-B94F-A8426763F0D0}.Release|x86.ActiveCfg = Release|Any CPU
	EndGlobalSection
	GlobalSection(SolutionProperties) = preSolution
		HideSolutionNode = FALSE
	EndGlobalSection
EndGlobal
